#===============================================================================
# fp_adder_de10lite.qsf
#
# ETAPA 3 - Projeto Quartus Prime para a Terasic DE10-Lite.
#
# Dispositivo da placa: MAX 10 - 10M50DAF484C7G.
#
# As localizacoes de pino abaixo seguem o DE10-Lite User Manual. Quanto ao
# mapeamento dos displays: HEXn[0] e o segmento 'a' e HEXn[6] e o segmento
# 'g' (PIN_C14 = HEX0[0] = a, PIN_C17 = HEX0[6] = g); HEXn[7] e o ponto decimal.
# Essa ordem e o inverso da usada no hex_to_sseg do livro, e foi o motivo de
# reescrever aquele modulo em rtl/hex_to_sseg.vhd.
#
# A polaridade nao e a mesma para todas as saidas:
#   * displays de 7 segmentos: ativos em nivel baixo (segmento aceso = '0'),
#     porque sao de anodo comum;
#   * LEDs (LEDR): ativos em nivel alto. O DE10-Lite User Manual e explicito:
#     "driving its associated pin to a high logic level turns the LED on".
#
# Por isso rtl/fp_adder_de10lite.vhd aciona LEDR direto, sem inverter, e inverte
# apenas os segmentos. Uniformizar a polaridade no RTL inverteria os 10 LEDs.
#===============================================================================

#------------------------------------------------------------------- dispositivo
set_global_assignment -name FAMILY "MAX 10"
set_global_assignment -name DEVICE 10M50DAF484C7G
set_global_assignment -name TOP_LEVEL_ENTITY fp_adder_de10lite
set_global_assignment -name ORIGINAL_QUARTUS_VERSION 25.1
set_global_assignment -name PROJECT_OUTPUT_DIRECTORY output_files
set_global_assignment -name NUM_PARALLEL_PROCESSORS 4

#------------------------------------------------------------------- fontes VHDL
# O nucleo original (rtl/fp_adder.vhd) NAO entra na sintese: ele existe apenas
# como referencia da Etapa 1 e e exercitado pelos testbenches no GHDL/Questa.
set_global_assignment -name VHDL_FILE ../rtl/fp_adder_fixed.vhd
set_global_assignment -name VHDL_FILE ../rtl/hex_to_sseg.vhd
set_global_assignment -name VHDL_FILE ../rtl/debounce.vhd
set_global_assignment -name VHDL_FILE ../rtl/fp_adder_de10lite.vhd

set_global_assignment -name SDC_FILE fp_adder_de10lite.sdc

#------------------------------------------------------------------- I/O geral
set_global_assignment -name STRATIX_DEVICE_IO_STANDARD "3.3-V LVTTL"
set_global_assignment -name RESERVE_ALL_UNUSED_PINS "AS INPUT TRI-STATED WITH WEAK PULL-UP"
set_global_assignment -name ENABLE_OCT_DONE OFF
set_global_assignment -name INTERNAL_FLASH_UPDATE_MODE "SINGLE IMAGE WITH ERAM"
set_global_assignment -name CRC_ERROR_OPEN_DRAIN OFF
set_global_assignment -name OUTPUT_IO_TIMING_NEAR_END_VMEAS "HALF VCCIO" -rise
set_global_assignment -name OUTPUT_IO_TIMING_NEAR_END_VMEAS "HALF VCCIO" -fall
set_global_assignment -name OUTPUT_IO_TIMING_FAR_END_VMEAS "HALF SIGNAL SWING" -rise
set_global_assignment -name OUTPUT_IO_TIMING_FAR_END_VMEAS "HALF SIGNAL SWING" -fall

#------------------------------------------------------------------- clock 50 MHz
set_location_assignment PIN_P11 -to MAX10_CLK1_50
set_instance_assignment -name IO_STANDARD "3.3-V LVTTL" -to MAX10_CLK1_50

#------------------------------------------------------------------- chaves
set_location_assignment PIN_C10 -to SW[0]
set_location_assignment PIN_C11 -to SW[1]
set_location_assignment PIN_D12 -to SW[2]
set_location_assignment PIN_C12 -to SW[3]
set_location_assignment PIN_A12 -to SW[4]
set_location_assignment PIN_B12 -to SW[5]
set_location_assignment PIN_A13 -to SW[6]
set_location_assignment PIN_A14 -to SW[7]
set_location_assignment PIN_B14 -to SW[8]
set_location_assignment PIN_F15 -to SW[9]
set_instance_assignment -name IO_STANDARD "3.3-V LVTTL" -to SW[0]
set_instance_assignment -name IO_STANDARD "3.3-V LVTTL" -to SW[1]
set_instance_assignment -name IO_STANDARD "3.3-V LVTTL" -to SW[2]
set_instance_assignment -name IO_STANDARD "3.3-V LVTTL" -to SW[3]
set_instance_assignment -name IO_STANDARD "3.3-V LVTTL" -to SW[4]
set_instance_assignment -name IO_STANDARD "3.3-V LVTTL" -to SW[5]
set_instance_assignment -name IO_STANDARD "3.3-V LVTTL" -to SW[6]
set_instance_assignment -name IO_STANDARD "3.3-V LVTTL" -to SW[7]
set_instance_assignment -name IO_STANDARD "3.3-V LVTTL" -to SW[8]
set_instance_assignment -name IO_STANDARD "3.3-V LVTTL" -to SW[9]

#------------------------------------------------------------------- botoes
# Pressionado = nivel baixo. KEY[0] carrega, KEY[1] da reset.
set_location_assignment PIN_B8 -to KEY[0]
set_location_assignment PIN_A7 -to KEY[1]
set_instance_assignment -name IO_STANDARD "3.3-V LVTTL" -to KEY[0]
set_instance_assignment -name IO_STANDARD "3.3-V LVTTL" -to KEY[1]

#------------------------------------------------------------------- LEDs
set_location_assignment PIN_A8  -to LEDR[0]
set_location_assignment PIN_A9  -to LEDR[1]
set_location_assignment PIN_A10 -to LEDR[2]
set_location_assignment PIN_B10 -to LEDR[3]
set_location_assignment PIN_D13 -to LEDR[4]
set_location_assignment PIN_C13 -to LEDR[5]
set_location_assignment PIN_E14 -to LEDR[6]
set_location_assignment PIN_D14 -to LEDR[7]
set_location_assignment PIN_A11 -to LEDR[8]
set_location_assignment PIN_B11 -to LEDR[9]
set_instance_assignment -name IO_STANDARD "3.3-V LVTTL" -to LEDR[0]
set_instance_assignment -name IO_STANDARD "3.3-V LVTTL" -to LEDR[1]
set_instance_assignment -name IO_STANDARD "3.3-V LVTTL" -to LEDR[2]
set_instance_assignment -name IO_STANDARD "3.3-V LVTTL" -to LEDR[3]
set_instance_assignment -name IO_STANDARD "3.3-V LVTTL" -to LEDR[4]
set_instance_assignment -name IO_STANDARD "3.3-V LVTTL" -to LEDR[5]
set_instance_assignment -name IO_STANDARD "3.3-V LVTTL" -to LEDR[6]
set_instance_assignment -name IO_STANDARD "3.3-V LVTTL" -to LEDR[7]
set_instance_assignment -name IO_STANDARD "3.3-V LVTTL" -to LEDR[8]
set_instance_assignment -name IO_STANDARD "3.3-V LVTTL" -to LEDR[9]

#------------------------------------------------------------------- HEX0 (eco, digito baixo)
set_location_assignment PIN_C14 -to HEX0[0]
set_location_assignment PIN_E15 -to HEX0[1]
set_location_assignment PIN_C15 -to HEX0[2]
set_location_assignment PIN_C16 -to HEX0[3]
set_location_assignment PIN_E16 -to HEX0[4]
set_location_assignment PIN_D17 -to HEX0[5]
set_location_assignment PIN_C17 -to HEX0[6]
set_location_assignment PIN_D15 -to HEX0[7]
set_instance_assignment -name IO_STANDARD "3.3-V LVTTL" -to HEX0[0]
set_instance_assignment -name IO_STANDARD "3.3-V LVTTL" -to HEX0[1]
set_instance_assignment -name IO_STANDARD "3.3-V LVTTL" -to HEX0[2]
set_instance_assignment -name IO_STANDARD "3.3-V LVTTL" -to HEX0[3]
set_instance_assignment -name IO_STANDARD "3.3-V LVTTL" -to HEX0[4]
set_instance_assignment -name IO_STANDARD "3.3-V LVTTL" -to HEX0[5]
set_instance_assignment -name IO_STANDARD "3.3-V LVTTL" -to HEX0[6]
set_instance_assignment -name IO_STANDARD "3.3-V LVTTL" -to HEX0[7]

#------------------------------------------------------------------- HEX1 (eco, digito alto)
set_location_assignment PIN_C18 -to HEX1[0]
set_location_assignment PIN_D18 -to HEX1[1]
set_location_assignment PIN_E18 -to HEX1[2]
set_location_assignment PIN_B16 -to HEX1[3]
set_location_assignment PIN_A17 -to HEX1[4]
set_location_assignment PIN_A18 -to HEX1[5]
set_location_assignment PIN_B17 -to HEX1[6]
set_location_assignment PIN_A16 -to HEX1[7]
set_instance_assignment -name IO_STANDARD "3.3-V LVTTL" -to HEX1[0]
set_instance_assignment -name IO_STANDARD "3.3-V LVTTL" -to HEX1[1]
set_instance_assignment -name IO_STANDARD "3.3-V LVTTL" -to HEX1[2]
set_instance_assignment -name IO_STANDARD "3.3-V LVTTL" -to HEX1[3]
set_instance_assignment -name IO_STANDARD "3.3-V LVTTL" -to HEX1[4]
set_instance_assignment -name IO_STANDARD "3.3-V LVTTL" -to HEX1[5]
set_instance_assignment -name IO_STANDARD "3.3-V LVTTL" -to HEX1[6]
set_instance_assignment -name IO_STANDARD "3.3-V LVTTL" -to HEX1[7]

#------------------------------------------------------------------- HEX2 (expoente do resultado)
set_location_assignment PIN_B20 -to HEX2[0]
set_location_assignment PIN_A20 -to HEX2[1]
set_location_assignment PIN_B19 -to HEX2[2]
set_location_assignment PIN_A21 -to HEX2[3]
set_location_assignment PIN_B21 -to HEX2[4]
set_location_assignment PIN_C22 -to HEX2[5]
set_location_assignment PIN_B22 -to HEX2[6]
set_location_assignment PIN_A19 -to HEX2[7]
set_instance_assignment -name IO_STANDARD "3.3-V LVTTL" -to HEX2[0]
set_instance_assignment -name IO_STANDARD "3.3-V LVTTL" -to HEX2[1]
set_instance_assignment -name IO_STANDARD "3.3-V LVTTL" -to HEX2[2]
set_instance_assignment -name IO_STANDARD "3.3-V LVTTL" -to HEX2[3]
set_instance_assignment -name IO_STANDARD "3.3-V LVTTL" -to HEX2[4]
set_instance_assignment -name IO_STANDARD "3.3-V LVTTL" -to HEX2[5]
set_instance_assignment -name IO_STANDARD "3.3-V LVTTL" -to HEX2[6]
set_instance_assignment -name IO_STANDARD "3.3-V LVTTL" -to HEX2[7]

#------------------------------------------------------------------- HEX3 (frac baixo + ponto)
set_location_assignment PIN_F21 -to HEX3[0]
set_location_assignment PIN_E22 -to HEX3[1]
set_location_assignment PIN_E21 -to HEX3[2]
set_location_assignment PIN_C19 -to HEX3[3]
set_location_assignment PIN_C20 -to HEX3[4]
set_location_assignment PIN_D19 -to HEX3[5]
set_location_assignment PIN_E17 -to HEX3[6]
set_location_assignment PIN_D22 -to HEX3[7]
set_instance_assignment -name IO_STANDARD "3.3-V LVTTL" -to HEX3[0]
set_instance_assignment -name IO_STANDARD "3.3-V LVTTL" -to HEX3[1]
set_instance_assignment -name IO_STANDARD "3.3-V LVTTL" -to HEX3[2]
set_instance_assignment -name IO_STANDARD "3.3-V LVTTL" -to HEX3[3]
set_instance_assignment -name IO_STANDARD "3.3-V LVTTL" -to HEX3[4]
set_instance_assignment -name IO_STANDARD "3.3-V LVTTL" -to HEX3[5]
set_instance_assignment -name IO_STANDARD "3.3-V LVTTL" -to HEX3[6]
set_instance_assignment -name IO_STANDARD "3.3-V LVTTL" -to HEX3[7]

#------------------------------------------------------------------- HEX4 (frac alto)
set_location_assignment PIN_F18 -to HEX4[0]
set_location_assignment PIN_E20 -to HEX4[1]
set_location_assignment PIN_E19 -to HEX4[2]
set_location_assignment PIN_J18 -to HEX4[3]
set_location_assignment PIN_H19 -to HEX4[4]
set_location_assignment PIN_F19 -to HEX4[5]
set_location_assignment PIN_F20 -to HEX4[6]
set_location_assignment PIN_F17 -to HEX4[7]
set_instance_assignment -name IO_STANDARD "3.3-V LVTTL" -to HEX4[0]
set_instance_assignment -name IO_STANDARD "3.3-V LVTTL" -to HEX4[1]
set_instance_assignment -name IO_STANDARD "3.3-V LVTTL" -to HEX4[2]
set_instance_assignment -name IO_STANDARD "3.3-V LVTTL" -to HEX4[3]
set_instance_assignment -name IO_STANDARD "3.3-V LVTTL" -to HEX4[4]
set_instance_assignment -name IO_STANDARD "3.3-V LVTTL" -to HEX4[5]
set_instance_assignment -name IO_STANDARD "3.3-V LVTTL" -to HEX4[6]
set_instance_assignment -name IO_STANDARD "3.3-V LVTTL" -to HEX4[7]

#------------------------------------------------------------------- HEX5 (sinal do resultado)
set_location_assignment PIN_J20 -to HEX5[0]
set_location_assignment PIN_K20 -to HEX5[1]
set_location_assignment PIN_L18 -to HEX5[2]
set_location_assignment PIN_N18 -to HEX5[3]
set_location_assignment PIN_M20 -to HEX5[4]
set_location_assignment PIN_N19 -to HEX5[5]
set_location_assignment PIN_N20 -to HEX5[6]
set_location_assignment PIN_L19 -to HEX5[7]
set_instance_assignment -name IO_STANDARD "3.3-V LVTTL" -to HEX5[0]
set_instance_assignment -name IO_STANDARD "3.3-V LVTTL" -to HEX5[1]
set_instance_assignment -name IO_STANDARD "3.3-V LVTTL" -to HEX5[2]
set_instance_assignment -name IO_STANDARD "3.3-V LVTTL" -to HEX5[3]
set_instance_assignment -name IO_STANDARD "3.3-V LVTTL" -to HEX5[4]
set_instance_assignment -name IO_STANDARD "3.3-V LVTTL" -to HEX5[5]
set_instance_assignment -name IO_STANDARD "3.3-V LVTTL" -to HEX5[6]
set_instance_assignment -name IO_STANDARD "3.3-V LVTTL" -to HEX5[7]

set_global_assignment -name LAST_QUARTUS_VERSION "25.1std.0 Lite Edition"
